
Microsoft Visual Studio Solution File, Format Version 12.00
# Visual Studio Version 17
VisualStudioVersion = 17.11.35312.102
MinimumVisualStudioVersion = 10.0.40219.1
Project("{FAE04EC0-301F-11D3-BF4B-00C04F79EFBC}") = "Laberinto", "Laberinto\Laberinto.csproj", "{DCACDE2E-EB9A-4125-98A4-289B1F06FC71}"
EndProject
Global
	GlobalSection(SolutionConfigurationPlatforms) = preSolution
		Debug|Any CPU = Debug|Any CPU
		Release|Any CPU = Release|Any CPU
	EndGlobalSection
	GlobalSection(ProjectConfigurationPlatforms) = postSolution
		{DCACDE2E-EB9A-4125-98A4-289B1F06FC71}.Debug|Any CPU.ActiveCfg = Debug|Any CPU
		{DCACDE2E-EB9A-4125-98A4-289B1F06FC71}.Debug|Any CPU.Build.0 = Debug|Any CPU
		{DCACDE2E-EB9A-4125-98A4-289B1F06FC71}.Release|Any CPU.ActiveCfg = Release|Any CPU
		{DCACDE2E-EB9A-4125-98A4-289B1F06FC71}.Release|Any CPU.Build.0 = Release|Any CPU
	EndGlobalSection
	GlobalSection(SolutionProperties) = preSolution
		HideSolutionNode = FALSE
	EndGlobalSection
	GlobalSection(ExtensibilityGlobals) = postSolution
		SolutionGuid = {F3CC11E0-8A7B-47E6-A644-43361B737DA0}
	EndGlobalSection
EndGlobal
